
Microsoft Visual Studio Solution File, Format Version 12.00
# Visual Studio Version 17
VisualStudioVersion = 17.2.32519.379
MinimumVisualStudioVersion = 10.0.40219.1
Project("{9A19103F-16F7-4668-BE54-9A1E7A4F7556}") = "FakerDll", "FakerDll.csproj", "{DE49CF4C-74D8-4479-A566-BE06FF56CAF7}"
EndProject
Project("{9A19103F-16F7-4668-BE54-9A1E7A4F7556}") = "FakerApp", "..\FakerApp\FakerApp.csproj", "{37972E70-3886-49CD-83A5-E6E889D3A923}"
EndProject
Project("{9A19103F-16F7-4668-BE54-9A1E7A4F7556}") = "DecimalGeneratorDll", "..\DecimalGeneratorDll\DecimalGeneratorDll.csproj", "{641102E2-6264-47C2-8AED-E9D81FA687E7}"
EndProject
Project("{9A19103F-16F7-4668-BE54-9A1E7A4F7556}") = "CharGeneratorDll", "..\CharGeneratorDll\CharGeneratorDll.csproj", "{F6E51462-80B7-417B-B76A-6DAFFA77A384}"
EndProject
Project("{FAE04EC0-301F-11D3-BF4B-00C04F79EFBC}") = "FakerTests", "..\FakerTests\FakerTests.csproj", "{448EDC67-4B22-45E4-9033-AB02C44542AB}"
EndProject
Global
	GlobalSection(SolutionConfigurationPlatforms) = preSolution
		Debug|Any CPU = Debug|Any CPU
		Release|Any CPU = Release|Any CPU
	EndGlobalSection
	GlobalSection(ProjectConfigurationPlatforms) = postSolution
		{DE49CF4C-74D8-4479-A566-BE06FF56CAF7}.Debug|Any CPU.ActiveCfg = Debug|Any CPU
		{DE49CF4C-74D8-4479-A566-BE06FF56CAF7}.Debug|Any CPU.Build.0 = Debug|Any CPU
		{DE49CF4C-74D8-4479-A566-BE06FF56CAF7}.Release|Any CPU.ActiveCfg = Release|Any CPU
		{DE49CF4C-74D8-4479-A566-BE06FF56CAF7}.Release|Any CPU.Build.0 = Release|Any CPU
		{37972E70-3886-49CD-83A5-E6E889D3A923}.Debug|Any CPU.ActiveCfg = Debug|Any CPU
		{37972E70-3886-49CD-83A5-E6E889D3A923}.Debug|Any CPU.Build.0 = Debug|Any CPU
		{37972E70-3886-49CD-83A5-E6E889D3A923}.Release|Any CPU.ActiveCfg = Release|Any CPU
		{37972E70-3886-49CD-83A5-E6E889D3A923}.Release|Any CPU.Build.0 = Release|Any CPU
		{641102E2-6264-47C2-8AED-E9D81FA687E7}.Debug|Any CPU.ActiveCfg = Debug|Any CPU
		{641102E2-6264-47C2-8AED-E9D81FA687E7}.Debug|Any CPU.Build.0 = Debug|Any CPU
		{641102E2-6264-47C2-8AED-E9D81FA687E7}.Release|Any CPU.ActiveCfg = Release|Any CPU
		{641102E2-6264-47C2-8AED-E9D81FA687E7}.Release|Any CPU.Build.0 = Release|Any CPU
		{F6E51462-80B7-417B-B76A-6DAFFA77A384}.Debug|Any CPU.ActiveCfg = Debug|Any CPU
		{F6E51462-80B7-417B-B76A-6DAFFA77A384}.Debug|Any CPU.Build.0 = Debug|Any CPU
		{F6E51462-80B7-417B-B76A-6DAFFA77A384}.Release|Any CPU.ActiveCfg = Release|Any CPU
		{F6E51462-80B7-417B-B76A-6DAFFA77A384}.Release|Any CPU.Build.0 = Release|Any CPU
		{448EDC67-4B22-45E4-9033-AB02C44542AB}.Debug|Any CPU.ActiveCfg = Debug|Any CPU
		{448EDC67-4B22-45E4-9033-AB02C44542AB}.Debug|Any CPU.Build.0 = Debug|Any CPU
		{448EDC67-4B22-45E4-9033-AB02C44542AB}.Release|Any CPU.ActiveCfg = Release|Any CPU
		{448EDC67-4B22-45E4-9033-AB02C44542AB}.Release|Any CPU.Build.0 = Release|Any CPU
	EndGlobalSection
	GlobalSection(SolutionProperties) = preSolution
		HideSolutionNode = FALSE
	EndGlobalSection
	GlobalSection(ExtensibilityGlobals) = postSolution
		SolutionGuid = {BC1AD6D8-F1B2-4EA5-9469-ADEC55F45339}
	EndGlobalSection
EndGlobal
